PODS:
  - Alamofire (4.8.0)
  - DGElasticPullToRefresh (1.1)
  - FoldingCell (4.0.3)
  - Google-Mobile-Ads-SDK (7.42.2):
    - GoogleAppMeasurement (~> 5.7)
  - GoogleAppMeasurement (5.8.0):
    - GoogleUtilities/AppDelegateSwizzler (~> 5.2)
    - GoogleUtilities/MethodSwizzler (~> 5.2)
    - GoogleUtilities/Network (~> 5.2)
    - "GoogleUtilities/NSData+zlib (~> 5.2)"
    - nanopb (~> 0.3)
  - GoogleUtilities/AppDelegateSwizzler (5.5.0):
    - GoogleUtilities/Environment
    - GoogleUtilities/Logger
    - GoogleUtilities/Network
  - GoogleUtilities/Environment (5.5.0)
  - GoogleUtilities/Logger (5.5.0):
    - GoogleUtilities/Environment
  - GoogleUtilities/MethodSwizzler (5.5.0):
    - GoogleUtilities/Logger
  - GoogleUtilities/Network (5.5.0):
    - GoogleUtilities/Logger
    - "GoogleUtilities/NSData+zlib"
    - GoogleUtilities/Reachability
  - "GoogleUtilities/NSData+zlib (5.5.0)"
  - GoogleUtilities/Reachability (5.5.0):
    - GoogleUtilities/Logger
  - Ji (2.1.0):
    - Ji/Ji (= 2.1.0)
  - Ji/Ji (2.1.0):
    - Ji/Ji-libxml
  - Ji/Ji-libxml (2.1.0)
  - JXSegmentedView (0.0.6)
  - Kingfisher (4.10.1)
  - MJRefresh (3.1.15.7)
  - nanopb (0.3.901):
    - nanopb/decode (= 0.3.901)
    - nanopb/encode (= 0.3.901)
  - nanopb/decode (0.3.901)
  - nanopb/encode (0.3.901)
  - NVActivityIndicatorView (4.4.0):
    - NVActivityIndicatorView/Presenter (= 4.4.0)
  - NVActivityIndicatorView/Presenter (4.4.0)
  - SkeletonView (1.4.1)
  - SnapKit (4.2.0)
  - SwiftyJSON (4.2.0)

DEPENDENCIES:
  - Alamofire (~> 4.8.0)
  - DGElasticPullToRefresh
  - FoldingCell
  - Google-Mobile-Ads-SDK
  - Ji (~> 2.1.0)
  - JXSegmentedView
  - Kingfisher (~> 4.10.1)
  - MJRefresh
  - NVActivityIndicatorView
  - SkeletonView
  - SnapKit (~> 4.2.0)
  - SwiftyJSON (~> 4.2.0)

SPEC REPOS:
  https://github.com/cocoapods/specs.git:
    - Alamofire
    - DGElasticPullToRefresh
    - FoldingCell
    - Google-Mobile-Ads-SDK
    - GoogleAppMeasurement
    - GoogleUtilities
    - Ji
    - JXSegmentedView
    - Kingfisher
    - MJRefresh
    - nanopb
    - NVActivityIndicatorView
    - SkeletonView
    - SnapKit
    - SwiftyJSON

SPEC CHECKSUMS:
  Alamofire: 3ec537f71edc9804815215393ae2b1a8ea33a844
  DGElasticPullToRefresh: 28f11a6026302a90f8ffebbc6e24748e584dddd3
  FoldingCell: 617197a8ec9feff741419361e756eea71d60559f
  Google-Mobile-Ads-SDK: 8f4f7e793bfd3fff5b082181b54112f81b579a67
  GoogleAppMeasurement: 1624046ab1bcc5e170061a56ef5679000b079c8e
  GoogleUtilities: 6481e6318c5fcabaaa8513ef8120f329055d7c10
  Ji: 21946da4e13425485ddd424edfaeeced0d80ad28
  JXSegmentedView: 9d33b133c381658b12e235382b6efdf9aa6c7c6a
  Kingfisher: c148cd7b47ebde9989f6bc7c27dcaa79d81279a0
  MJRefresh: 697f8ec75ebdbe9207767bb682cf0f51b0d8a41f
  nanopb: 2901f78ea1b7b4015c860c2fdd1ea2fee1a18d48
  NVActivityIndicatorView: ec7440a57af2450319d3a4181cca7da6fc127064
  SkeletonView: 60d6ce7edb0cb4c7758db33c74add50392b3c475
  SnapKit: fe8a619752f3f27075cc9a90244d75c6c3f27e2a
  SwiftyJSON: c4bcba26dd9ec7a027fc8eade48e2c911f229e96

PODFILE CHECKSUM: 28001982fdbdfe5e12e96f2c52cec8334c207a5a

COCOAPODS: 1.6.1
