// !$*UTF8*$!
{
	archiveVersion = 1;
	classes = {
	};
	objectVersion = 50;
	objects = {

/* Begin PBXBuildFile section */
		05D4D3E8E6BA1AFB6496A5B5 /* Pods_v2exer_SwiftTests.framework in Frameworks */ = {isa = PBXBuildFile; fileRef = 1C040BE01D98CB9D25CB7102 /* Pods_v2exer_SwiftTests.framework */; };
		7F3241FD16ACAA349874942C /* Pods_v2exer_SwiftUITests.framework in Frameworks */ = {isa = PBXBuildFile; fileRef = 8509A4D4C80905A6BDF255F4 /* Pods_v2exer_SwiftUITests.framework */; };
		800FAA6BD92398DC9C08C6AB /* Pods_v2exer_Swift.framework in Frameworks */ = {isa = PBXBuildFile; fileRef = 75901DBFB7FEE4EB21EE9371 /* Pods_v2exer_Swift.framework */; };
		DA017DBB221EAD58000CFF56 /* ZPHEditViewController.swift in Sources */ = {isa = PBXBuildFile; fileRef = DA017DBA221EAD58000CFF56 /* ZPHEditViewController.swift */; };
		DA0A7CC7222548EC00F2A10A /* ZPHNetworkTool.swift in Sources */ = {isa = PBXBuildFile; fileRef = DA0A7CC6222548EC00F2A10A /* ZPHNetworkTool.swift */; };
		DA0A7CCC222685FC00F2A10A /* ZPHEditPickerView.swift in Sources */ = {isa = PBXBuildFile; fileRef = DA0A7CCB222685FC00F2A10A /* ZPHEditPickerView.swift */; };
		DA15A4D7225229DE00B363C0 /* ZPHSettingTimeViewController.swift in Sources */ = {isa = PBXBuildFile; fileRef = DA15A4D6225229DE00B363C0 /* ZPHSettingTimeViewController.swift */; };
		DA2A229722223C5000EFD838 /* ZPHEditCollectionViewCell.swift in Sources */ = {isa = PBXBuildFile; fileRef = DA2A229622223C5000EFD838 /* ZPHEditCollectionViewCell.swift */; };
		DA2D7A672202E234001C6AC8 /* ZPHHotViewController.swift in Sources */ = {isa = PBXBuildFile; fileRef = DA2D7A662202E234001C6AC8 /* ZPHHotViewController.swift */; };
		DA2D7A692203480B001C6AC8 /* ZPHContentDetailViewController.swift in Sources */ = {isa = PBXBuildFile; fileRef = DA2D7A682203480B001C6AC8 /* ZPHContentDetailViewController.swift */; };
		DA354194225264E600F0BB1F /* ZPHHomeTimeCollectionViewCell.swift in Sources */ = {isa = PBXBuildFile; fileRef = DA354193225264E600F0BB1F /* ZPHHomeTimeCollectionViewCell.swift */; };
		DA3F28682250FD7500EA2762 /* ZPHHomeCollectionCell.swift in Sources */ = {isa = PBXBuildFile; fileRef = DA3F28672250FD7500EA2762 /* ZPHHomeCollectionCell.swift */; };
		DA40C31A2254DF8F008CA0A1 /* ZPHHomeWeekView.swift in Sources */ = {isa = PBXBuildFile; fileRef = DA40C3192254DF8F008CA0A1 /* ZPHHomeWeekView.swift */; };
		DA5BE9F9220159C20094E463 /* ZPHNodeModel.swift in Sources */ = {isa = PBXBuildFile; fileRef = DA5BE9F8220159C20094E463 /* ZPHNodeModel.swift */; };
		DA5BE9FB22015B5B0094E463 /* ZPHNodeTableViewCell.swift in Sources */ = {isa = PBXBuildFile; fileRef = DA5BE9FA22015B5B0094E463 /* ZPHNodeTableViewCell.swift */; };
		DA5BE9FE2201D4A90094E463 /* ZPHNodeDetailViewController.swift in Sources */ = {isa = PBXBuildFile; fileRef = DA5BE9FD2201D4A90094E463 /* ZPHNodeDetailViewController.swift */; };
		DA702F242204052A0020C62B /* ZPHContentTableViewCell.swift in Sources */ = {isa = PBXBuildFile; fileRef = DA702F232204052A0020C62B /* ZPHContentTableViewCell.swift */; };
		DA702F26220406600020C62B /* ZPHContentTitleTableViewCell.swift in Sources */ = {isa = PBXBuildFile; fileRef = DA702F25220406600020C62B /* ZPHContentTitleTableViewCell.swift */; };
		DA702F2822057DC80020C62B /* ZPHContentDetailModel.swift in Sources */ = {isa = PBXBuildFile; fileRef = DA702F2722057DC80020C62B /* ZPHContentDetailModel.swift */; };
		DA7030E522139AE00020C62B /* ZPHEnshrineViewController.swift in Sources */ = {isa = PBXBuildFile; fileRef = DA7030E422139AE00020C62B /* ZPHEnshrineViewController.swift */; };
		DA75DC272246729C00A1FCF4 /* ZPHUserDetailReplyController.swift in Sources */ = {isa = PBXBuildFile; fileRef = DA75DC262246729C00A1FCF4 /* ZPHUserDetailReplyController.swift */; };
		DA75DC292246749700A1FCF4 /* ZPHUserDetailPartController.swift in Sources */ = {isa = PBXBuildFile; fileRef = DA75DC282246749700A1FCF4 /* ZPHUserDetailPartController.swift */; };
		DA75DC2B2246860D00A1FCF4 /* ZPHUserDetailPartCell.swift in Sources */ = {isa = PBXBuildFile; fileRef = DA75DC2A2246860D00A1FCF4 /* ZPHUserDetailPartCell.swift */; };
		DAA062502230FC5500E9B516 /* ZPHUserDetailViewController.swift in Sources */ = {isa = PBXBuildFile; fileRef = DAA0624F2230FC5500E9B516 /* ZPHUserDetailViewController.swift */; };
		DAA0625222310F3400E9B516 /* ZPHUserDetail.swift in Sources */ = {isa = PBXBuildFile; fileRef = DAA0625122310F3400E9B516 /* ZPHUserDetail.swift */; };
		DAA062542231110900E9B516 /* ZPHUserDetailCell.swift in Sources */ = {isa = PBXBuildFile; fileRef = DAA062532231110900E9B516 /* ZPHUserDetailCell.swift */; };
		DAAFCA5A21E70E25006BF864 /* ZPHHomeDetailViewController.swift in Sources */ = {isa = PBXBuildFile; fileRef = DAAFCA5921E70E25006BF864 /* ZPHHomeDetailViewController.swift */; };
		DAAFCA5C21EAE6E8006BF864 /* V2FPSLabel.swift in Sources */ = {isa = PBXBuildFile; fileRef = DAAFCA5B21EAE6E8006BF864 /* V2FPSLabel.swift */; };
		DAAFCA5E21EB2341006BF864 /* ZPHSetting.swift in Sources */ = {isa = PBXBuildFile; fileRef = DAAFCA5D21EB2341006BF864 /* ZPHSetting.swift */; };
		DAAFCA6221EB348D006BF864 /* ZPHSettingTableViewCell.swift in Sources */ = {isa = PBXBuildFile; fileRef = DAAFCA6121EB348D006BF864 /* ZPHSettingTableViewCell.swift */; };
		DAAFCF0D21F2FE19006BF864 /* ZPHLoginViewController.swift in Sources */ = {isa = PBXBuildFile; fileRef = DAAFCF0B21F2FE19006BF864 /* ZPHLoginViewController.swift */; };
		DAB7B6FD21CBB2AD00ACCDE3 /* AppDelegate.swift in Sources */ = {isa = PBXBuildFile; fileRef = DAB7B6FC21CBB2AD00ACCDE3 /* AppDelegate.swift */; };
		DAB7B70421CBB2AE00ACCDE3 /* Assets.xcassets in Resources */ = {isa = PBXBuildFile; fileRef = DAB7B70321CBB2AE00ACCDE3 /* Assets.xcassets */; };
		DAB7B70721CBB2AE00ACCDE3 /* LaunchScreen.storyboard in Resources */ = {isa = PBXBuildFile; fileRef = DAB7B70521CBB2AE00ACCDE3 /* LaunchScreen.storyboard */; };
		DAB7B71221CBB2AE00ACCDE3 /* v2exer_SwiftTests.swift in Sources */ = {isa = PBXBuildFile; fileRef = DAB7B71121CBB2AE00ACCDE3 /* v2exer_SwiftTests.swift */; };
		DAB7B71D21CBB2AE00ACCDE3 /* v2exer_SwiftUITests.swift in Sources */ = {isa = PBXBuildFile; fileRef = DAB7B71C21CBB2AE00ACCDE3 /* v2exer_SwiftUITests.swift */; };
		DAB7B72E21CBD48200ACCDE3 /* ZPHTabBarController.swift in Sources */ = {isa = PBXBuildFile; fileRef = DAB7B72D21CBD48200ACCDE3 /* ZPHTabBarController.swift */; };
		DAB7B73021CBD4B800ACCDE3 /* ZPHNavigationController.swift in Sources */ = {isa = PBXBuildFile; fileRef = DAB7B72F21CBD4B800ACCDE3 /* ZPHNavigationController.swift */; };
		DAB7B77321CBE11400ACCDE3 /* ZPHHomeViewController.swift in Sources */ = {isa = PBXBuildFile; fileRef = DAB7B77221CBE11400ACCDE3 /* ZPHHomeViewController.swift */; };
		DAB7B77621CBE3C100ACCDE3 /* ZPHNodeViewController.swift in Sources */ = {isa = PBXBuildFile; fileRef = DAB7B77521CBE3C100ACCDE3 /* ZPHNodeViewController.swift */; };
		DAB7B77921CBE40C00ACCDE3 /* ZPHSettingViewController.swift in Sources */ = {isa = PBXBuildFile; fileRef = DAB7B77821CBE40C00ACCDE3 /* ZPHSettingViewController.swift */; };
		DAB7B77B21CBEAC200ACCDE3 /* ZPHHomeTableViewCell.swift in Sources */ = {isa = PBXBuildFile; fileRef = DAB7B77A21CBEAC200ACCDE3 /* ZPHHomeTableViewCell.swift */; };
		DAB7B77D21CBEE2400ACCDE3 /* ZPHHome.swift in Sources */ = {isa = PBXBuildFile; fileRef = DAB7B77C21CBEE2400ACCDE3 /* ZPHHome.swift */; };
		DAB7B87221CD441D00ACCDE3 /* ZPHTabBar.swift in Sources */ = {isa = PBXBuildFile; fileRef = DAB7B87121CD441D00ACCDE3 /* ZPHTabBar.swift */; };
		DAB7B87621CE4F7900ACCDE3 /* shareFile.swift in Sources */ = {isa = PBXBuildFile; fileRef = DAB7B87521CE4F7900ACCDE3 /* shareFile.swift */; };
		DAB8ECCE222779E900AEA79B /* NotificationCenter.framework in Frameworks */ = {isa = PBXBuildFile; fileRef = DAB8ECCD222779E900AEA79B /* NotificationCenter.framework */; };
		DAB8ECD1222779E900AEA79B /* TodayViewController.swift in Sources */ = {isa = PBXBuildFile; fileRef = DAB8ECD0222779E900AEA79B /* TodayViewController.swift */; };
		DAB8ECD8222779E900AEA79B /* v2exWidget.appex in Embed App Extensions */ = {isa = PBXBuildFile; fileRef = DAB8ECCC222779E900AEA79B /* v2exWidget.appex */; settings = {ATTRIBUTES = (RemoveHeadersOnCopy, ); }; };
		DAB8ECE12227CFF200AEA79B /* ZPHUpinstallViewController.swift in Sources */ = {isa = PBXBuildFile; fileRef = DAB8ECE02227CFF200AEA79B /* ZPHUpinstallViewController.swift */; };
		DAB8ECE32227E27B00AEA79B /* ZPHUpinstallTableViewCell.swift in Sources */ = {isa = PBXBuildFile; fileRef = DAB8ECE22227E27B00AEA79B /* ZPHUpinstallTableViewCell.swift */; };
		DAD3642C2247B5420090E750 /* ZPHUserDetailPart.swift in Sources */ = {isa = PBXBuildFile; fileRef = DAD3642B2247B5420090E750 /* ZPHUserDetailPart.swift */; };
		DAF2012C2237A6130003015D /* ZPHHomeAddReplyView.swift in Sources */ = {isa = PBXBuildFile; fileRef = DAF2012B2237A6130003015D /* ZPHHomeAddReplyView.swift */; };
		FDC192D4EACB251675A9F816 /* Pods_v2exWidget.framework in Frameworks */ = {isa = PBXBuildFile; fileRef = 3081B26D73BB4277234AC3E7 /* Pods_v2exWidget.framework */; };
/* End PBXBuildFile section */

/* Begin PBXContainerItemProxy section */
		DAB7B70E21CBB2AE00ACCDE3 /* PBXContainerItemProxy */ = {
			isa = PBXContainerItemProxy;
			containerPortal = DAB7B6F121CBB2AD00ACCDE3 /* Project object */;
			proxyType = 1;
			remoteGlobalIDString = DAB7B6F821CBB2AD00ACCDE3;
			remoteInfo = "v2exer-Swift";
		};
		DAB7B71921CBB2AE00ACCDE3 /* PBXContainerItemProxy */ = {
			isa = PBXContainerItemProxy;
			containerPortal = DAB7B6F121CBB2AD00ACCDE3 /* Project object */;
			proxyType = 1;
			remoteGlobalIDString = DAB7B6F821CBB2AD00ACCDE3;
			remoteInfo = "v2exer-Swift";
		};
		DAB8ECD6222779E900AEA79B /* PBXContainerItemProxy */ = {
			isa = PBXContainerItemProxy;
			containerPortal = DAB7B6F121CBB2AD00ACCDE3 /* Project object */;
			proxyType = 1;
			remoteGlobalIDString = DAB8ECCB222779E900AEA79B;
			remoteInfo = v2exWidget;
		};
/* End PBXContainerItemProxy section */

/* Begin PBXCopyFilesBuildPhase section */
		DAB8ECDC222779E900AEA79B /* Embed App Extensions */ = {
			isa = PBXCopyFilesBuildPhase;
			buildActionMask = 2147483647;
			dstPath = "";
			dstSubfolderSpec = 13;
			files = (
				DAB8ECD8222779E900AEA79B /* v2exWidget.appex in Embed App Extensions */,
			);
			name = "Embed App Extensions";
			runOnlyForDeploymentPostprocessing = 0;
		};
/* End PBXCopyFilesBuildPhase section */

/* Begin PBXFileReference section */
		1C040BE01D98CB9D25CB7102 /* Pods_v2exer_SwiftTests.framework */ = {isa = PBXFileReference; explicitFileType = wrapper.framework; includeInIndex = 0; path = Pods_v2exer_SwiftTests.framework; sourceTree = BUILT_PRODUCTS_DIR; };
		1C8486D79BE234471BC55BC4 /* Pods-v2exer-SwiftUITests.debug.xcconfig */ = {isa = PBXFileReference; includeInIndex = 1; lastKnownFileType = text.xcconfig; name = "Pods-v2exer-SwiftUITests.debug.xcconfig"; path = "Pods/Target Support Files/Pods-v2exer-SwiftUITests/Pods-v2exer-SwiftUITests.debug.xcconfig"; sourceTree = "<group>"; };
		3081B26D73BB4277234AC3E7 /* Pods_v2exWidget.framework */ = {isa = PBXFileReference; explicitFileType = wrapper.framework; includeInIndex = 0; path = Pods_v2exWidget.framework; sourceTree = BUILT_PRODUCTS_DIR; };
		41CF3CBC3FACC24363A2F3D8 /* Pods-v2exWidget.release.xcconfig */ = {isa = PBXFileReference; includeInIndex = 1; lastKnownFileType = text.xcconfig; name = "Pods-v2exWidget.release.xcconfig"; path = "Pods/Target Support Files/Pods-v2exWidget/Pods-v2exWidget.release.xcconfig"; sourceTree = "<group>"; };
		49D4AF88A3C5015F87D56966 /* Pods-v2exer-SwiftTests.release.xcconfig */ = {isa = PBXFileReference; includeInIndex = 1; lastKnownFileType = text.xcconfig; name = "Pods-v2exer-SwiftTests.release.xcconfig"; path = "Pods/Target Support Files/Pods-v2exer-SwiftTests/Pods-v2exer-SwiftTests.release.xcconfig"; sourceTree = "<group>"; };
		75901DBFB7FEE4EB21EE9371 /* Pods_v2exer_Swift.framework */ = {isa = PBXFileReference; explicitFileType = wrapper.framework; includeInIndex = 0; path = Pods_v2exer_Swift.framework; sourceTree = BUILT_PRODUCTS_DIR; };
		76A0F2B1BC352EDFB826FBB0 /* Pods-v2exer-Swift.debug.xcconfig */ = {isa = PBXFileReference; includeInIndex = 1; lastKnownFileType = text.xcconfig; name = "Pods-v2exer-Swift.debug.xcconfig"; path = "Pods/Target Support Files/Pods-v2exer-Swift/Pods-v2exer-Swift.debug.xcconfig"; sourceTree = "<group>"; };
		8509A4D4C80905A6BDF255F4 /* Pods_v2exer_SwiftUITests.framework */ = {isa = PBXFileReference; explicitFileType = wrapper.framework; includeInIndex = 0; path = Pods_v2exer_SwiftUITests.framework; sourceTree = BUILT_PRODUCTS_DIR; };
		8801C0B88BB16B3EBABA3BD3 /* Pods-v2exer-SwiftUITests.release.xcconfig */ = {isa = PBXFileReference; includeInIndex = 1; lastKnownFileType = text.xcconfig; name = "Pods-v2exer-SwiftUITests.release.xcconfig"; path = "Pods/Target Support Files/Pods-v2exer-SwiftUITests/Pods-v2exer-SwiftUITests.release.xcconfig"; sourceTree = "<group>"; };
		BFD1628A139EA22934CC41C5 /* Pods-v2exWidget.debug.xcconfig */ = {isa = PBXFileReference; includeInIndex = 1; lastKnownFileType = text.xcconfig; name = "Pods-v2exWidget.debug.xcconfig"; path = "Pods/Target Support Files/Pods-v2exWidget/Pods-v2exWidget.debug.xcconfig"; sourceTree = "<group>"; };
		DA017DBA221EAD58000CFF56 /* ZPHEditViewController.swift */ = {isa = PBXFileReference; lastKnownFileType = sourcecode.swift; path = ZPHEditViewController.swift; sourceTree = "<group>"; };
		DA0A7CC6222548EC00F2A10A /* ZPHNetworkTool.swift */ = {isa = PBXFileReference; lastKnownFileType = sourcecode.swift; path = ZPHNetworkTool.swift; sourceTree = "<group>"; };
		DA0A7CCB222685FC00F2A10A /* ZPHEditPickerView.swift */ = {isa = PBXFileReference; lastKnownFileType = sourcecode.swift; path = ZPHEditPickerView.swift; sourceTree = "<group>"; };
		DA15A4D6225229DE00B363C0 /* ZPHSettingTimeViewController.swift */ = {isa = PBXFileReference; lastKnownFileType = sourcecode.swift; path = ZPHSettingTimeViewController.swift; sourceTree = "<group>"; };
		DA2A229622223C5000EFD838 /* ZPHEditCollectionViewCell.swift */ = {isa = PBXFileReference; lastKnownFileType = sourcecode.swift; path = ZPHEditCollectionViewCell.swift; sourceTree = "<group>"; };
		DA2D7A662202E234001C6AC8 /* ZPHHotViewController.swift */ = {isa = PBXFileReference; lastKnownFileType = sourcecode.swift; path = ZPHHotViewController.swift; sourceTree = "<group>"; };
		DA2D7A682203480B001C6AC8 /* ZPHContentDetailViewController.swift */ = {isa = PBXFileReference; lastKnownFileType = sourcecode.swift; path = ZPHContentDetailViewController.swift; sourceTree = "<group>"; };
		DA354193225264E600F0BB1F /* ZPHHomeTimeCollectionViewCell.swift */ = {isa = PBXFileReference; lastKnownFileType = sourcecode.swift; path = ZPHHomeTimeCollectionViewCell.swift; sourceTree = "<group>"; };
		DA3F28672250FD7500EA2762 /* ZPHHomeCollectionCell.swift */ = {isa = PBXFileReference; lastKnownFileType = sourcecode.swift; path = ZPHHomeCollectionCell.swift; sourceTree = "<group>"; };
		DA40C3192254DF8F008CA0A1 /* ZPHHomeWeekView.swift */ = {isa = PBXFileReference; lastKnownFileType = sourcecode.swift; path = ZPHHomeWeekView.swift; sourceTree = "<group>"; };
		DA5BE9F8220159C20094E463 /* ZPHNodeModel.swift */ = {isa = PBXFileReference; lastKnownFileType = sourcecode.swift; path = ZPHNodeModel.swift; sourceTree = "<group>"; };
		DA5BE9FA22015B5B0094E463 /* ZPHNodeTableViewCell.swift */ = {isa = PBXFileReference; lastKnownFileType = sourcecode.swift; path = ZPHNodeTableViewCell.swift; sourceTree = "<group>"; };
		DA5BE9FD2201D4A90094E463 /* ZPHNodeDetailViewController.swift */ = {isa = PBXFileReference; lastKnownFileType = sourcecode.swift; path = ZPHNodeDetailViewController.swift; sourceTree = "<group>"; };
		DA702F232204052A0020C62B /* ZPHContentTableViewCell.swift */ = {isa = PBXFileReference; lastKnownFileType = sourcecode.swift; path = ZPHContentTableViewCell.swift; sourceTree = "<group>"; };
		DA702F25220406600020C62B /* ZPHContentTitleTableViewCell.swift */ = {isa = PBXFileReference; lastKnownFileType = sourcecode.swift; path = ZPHContentTitleTableViewCell.swift; sourceTree = "<group>"; };
		DA702F2722057DC80020C62B /* ZPHContentDetailModel.swift */ = {isa = PBXFileReference; lastKnownFileType = sourcecode.swift; path = ZPHContentDetailModel.swift; sourceTree = "<group>"; };
		DA7030E422139AE00020C62B /* ZPHEnshrineViewController.swift */ = {isa = PBXFileReference; lastKnownFileType = sourcecode.swift; path = ZPHEnshrineViewController.swift; sourceTree = "<group>"; };
		DA75DC262246729C00A1FCF4 /* ZPHUserDetailReplyController.swift */ = {isa = PBXFileReference; lastKnownFileType = sourcecode.swift; path = ZPHUserDetailReplyController.swift; sourceTree = "<group>"; };
		DA75DC282246749700A1FCF4 /* ZPHUserDetailPartController.swift */ = {isa = PBXFileReference; lastKnownFileType = sourcecode.swift; path = ZPHUserDetailPartController.swift; sourceTree = "<group>"; };
		DA75DC2A2246860D00A1FCF4 /* ZPHUserDetailPartCell.swift */ = {isa = PBXFileReference; lastKnownFileType = sourcecode.swift; path = ZPHUserDetailPartCell.swift; sourceTree = "<group>"; };
		DAA0624F2230FC5500E9B516 /* ZPHUserDetailViewController.swift */ = {isa = PBXFileReference; lastKnownFileType = sourcecode.swift; path = ZPHUserDetailViewController.swift; sourceTree = "<group>"; };
		DAA0625122310F3400E9B516 /* ZPHUserDetail.swift */ = {isa = PBXFileReference; lastKnownFileType = sourcecode.swift; path = ZPHUserDetail.swift; sourceTree = "<group>"; };
		DAA062532231110900E9B516 /* ZPHUserDetailCell.swift */ = {isa = PBXFileReference; lastKnownFileType = sourcecode.swift; path = ZPHUserDetailCell.swift; sourceTree = "<group>"; };
		DAAFCA5921E70E25006BF864 /* ZPHHomeDetailViewController.swift */ = {isa = PBXFileReference; lastKnownFileType = sourcecode.swift; path = ZPHHomeDetailViewController.swift; sourceTree = "<group>"; };
		DAAFCA5B21EAE6E8006BF864 /* V2FPSLabel.swift */ = {isa = PBXFileReference; fileEncoding = 4; lastKnownFileType = sourcecode.swift; path = V2FPSLabel.swift; sourceTree = "<group>"; };
		DAAFCA5D21EB2341006BF864 /* ZPHSetting.swift */ = {isa = PBXFileReference; lastKnownFileType = sourcecode.swift; path = ZPHSetting.swift; sourceTree = "<group>"; };
		DAAFCA6121EB348D006BF864 /* ZPHSettingTableViewCell.swift */ = {isa = PBXFileReference; lastKnownFileType = sourcecode.swift; path = ZPHSettingTableViewCell.swift; sourceTree = "<group>"; };
		DAAFCF0B21F2FE19006BF864 /* ZPHLoginViewController.swift */ = {isa = PBXFileReference; lastKnownFileType = sourcecode.swift; path = ZPHLoginViewController.swift; sourceTree = "<group>"; };
		DAB7B6F921CBB2AD00ACCDE3 /* v2exer-Swift.app */ = {isa = PBXFileReference; explicitFileType = wrapper.application; includeInIndex = 0; path = "v2exer-Swift.app"; sourceTree = BUILT_PRODUCTS_DIR; };
		DAB7B6FC21CBB2AD00ACCDE3 /* AppDelegate.swift */ = {isa = PBXFileReference; lastKnownFileType = sourcecode.swift; path = AppDelegate.swift; sourceTree = "<group>"; };
		DAB7B70321CBB2AE00ACCDE3 /* Assets.xcassets */ = {isa = PBXFileReference; lastKnownFileType = folder.assetcatalog; path = Assets.xcassets; sourceTree = "<group>"; };
		DAB7B70621CBB2AE00ACCDE3 /* Base */ = {isa = PBXFileReference; lastKnownFileType = file.storyboard; name = Base; path = Base.lproj/LaunchScreen.storyboard; sourceTree = "<group>"; };
		DAB7B70821CBB2AE00ACCDE3 /* Info.plist */ = {isa = PBXFileReference; lastKnownFileType = text.plist.xml; path = Info.plist; sourceTree = "<group>"; };
		DAB7B70D21CBB2AE00ACCDE3 /* v2exer-SwiftTests.xctest */ = {isa = PBXFileReference; explicitFileType = wrapper.cfbundle; includeInIndex = 0; path = "v2exer-SwiftTests.xctest"; sourceTree = BUILT_PRODUCTS_DIR; };
		DAB7B71121CBB2AE00ACCDE3 /* v2exer_SwiftTests.swift */ = {isa = PBXFileReference; lastKnownFileType = sourcecode.swift; path = v2exer_SwiftTests.swift; sourceTree = "<group>"; };
		DAB7B71321CBB2AE00ACCDE3 /* Info.plist */ = {isa = PBXFileReference; lastKnownFileType = text.plist.xml; path = Info.plist; sourceTree = "<group>"; };
		DAB7B71821CBB2AE00ACCDE3 /* v2exer-SwiftUITests.xctest */ = {isa = PBXFileReference; explicitFileType = wrapper.cfbundle; includeInIndex = 0; path = "v2exer-SwiftUITests.xctest"; sourceTree = BUILT_PRODUCTS_DIR; };
		DAB7B71C21CBB2AE00ACCDE3 /* v2exer_SwiftUITests.swift */ = {isa = PBXFileReference; lastKnownFileType = sourcecode.swift; path = v2exer_SwiftUITests.swift; sourceTree = "<group>"; };
		DAB7B71E21CBB2AE00ACCDE3 /* Info.plist */ = {isa = PBXFileReference; lastKnownFileType = text.plist.xml; path = Info.plist; sourceTree = "<group>"; };
		DAB7B72D21CBD48200ACCDE3 /* ZPHTabBarController.swift */ = {isa = PBXFileReference; lastKnownFileType = sourcecode.swift; path = ZPHTabBarController.swift; sourceTree = "<group>"; };
		DAB7B72F21CBD4B800ACCDE3 /* ZPHNavigationController.swift */ = {isa = PBXFileReference; lastKnownFileType = sourcecode.swift; path = ZPHNavigationController.swift; sourceTree = "<group>"; };
		DAB7B77221CBE11400ACCDE3 /* ZPHHomeViewController.swift */ = {isa = PBXFileReference; lastKnownFileType = sourcecode.swift; path = ZPHHomeViewController.swift; sourceTree = "<group>"; };
		DAB7B77521CBE3C100ACCDE3 /* ZPHNodeViewController.swift */ = {isa = PBXFileReference; lastKnownFileType = sourcecode.swift; path = ZPHNodeViewController.swift; sourceTree = "<group>"; };
		DAB7B77821CBE40C00ACCDE3 /* ZPHSettingViewController.swift */ = {isa = PBXFileReference; lastKnownFileType = sourcecode.swift; path = ZPHSettingViewController.swift; sourceTree = "<group>"; };
		DAB7B77A21CBEAC200ACCDE3 /* ZPHHomeTableViewCell.swift */ = {isa = PBXFileReference; lastKnownFileType = sourcecode.swift; path = ZPHHomeTableViewCell.swift; sourceTree = "<group>"; };
		DAB7B77C21CBEE2400ACCDE3 /* ZPHHome.swift */ = {isa = PBXFileReference; lastKnownFileType = sourcecode.swift; path = ZPHHome.swift; sourceTree = "<group>"; };
		DAB7B87121CD441D00ACCDE3 /* ZPHTabBar.swift */ = {isa = PBXFileReference; lastKnownFileType = sourcecode.swift; path = ZPHTabBar.swift; sourceTree = "<group>"; };
		DAB7B87521CE4F7900ACCDE3 /* shareFile.swift */ = {isa = PBXFileReference; lastKnownFileType = sourcecode.swift; path = shareFile.swift; sourceTree = "<group>"; };
		DAB8ECCC222779E900AEA79B /* v2exWidget.appex */ = {isa = PBXFileReference; explicitFileType = "wrapper.app-extension"; includeInIndex = 0; path = v2exWidget.appex; sourceTree = BUILT_PRODUCTS_DIR; };
		DAB8ECCD222779E900AEA79B /* NotificationCenter.framework */ = {isa = PBXFileReference; lastKnownFileType = wrapper.framework; name = NotificationCenter.framework; path = System/Library/Frameworks/NotificationCenter.framework; sourceTree = SDKROOT; };
		DAB8ECD0222779E900AEA79B /* TodayViewController.swift */ = {isa = PBXFileReference; lastKnownFileType = sourcecode.swift; path = TodayViewController.swift; sourceTree = "<group>"; };
		DAB8ECD5222779E900AEA79B /* Info.plist */ = {isa = PBXFileReference; lastKnownFileType = text.plist.xml; path = Info.plist; sourceTree = "<group>"; };
		DAB8ECDD2227C84B00AEA79B /* v2exWidget.entitlements */ = {isa = PBXFileReference; lastKnownFileType = text.plist.entitlements; path = v2exWidget.entitlements; sourceTree = "<group>"; };
		DAB8ECDE2227C85E00AEA79B /* v2exer-Swift.entitlements */ = {isa = PBXFileReference; lastKnownFileType = text.plist.entitlements; path = "v2exer-Swift.entitlements"; sourceTree = "<group>"; };
		DAB8ECE02227CFF200AEA79B /* ZPHUpinstallViewController.swift */ = {isa = PBXFileReference; lastKnownFileType = sourcecode.swift; path = ZPHUpinstallViewController.swift; sourceTree = "<group>"; };
		DAB8ECE22227E27B00AEA79B /* ZPHUpinstallTableViewCell.swift */ = {isa = PBXFileReference; lastKnownFileType = sourcecode.swift; path = ZPHUpinstallTableViewCell.swift; sourceTree = "<group>"; };
		DAD3642B2247B5420090E750 /* ZPHUserDetailPart.swift */ = {isa = PBXFileReference; lastKnownFileType = sourcecode.swift; path = ZPHUserDetailPart.swift; sourceTree = "<group>"; };
		DAF2012B2237A6130003015D /* ZPHHomeAddReplyView.swift */ = {isa = PBXFileReference; lastKnownFileType = sourcecode.swift; path = ZPHHomeAddReplyView.swift; sourceTree = "<group>"; };
		EA485C87CC8AE9CDF20A9B2C /* Pods-v2exer-Swift.release.xcconfig */ = {isa = PBXFileReference; includeInIndex = 1; lastKnownFileType = text.xcconfig; name = "Pods-v2exer-Swift.release.xcconfig"; path = "Pods/Target Support Files/Pods-v2exer-Swift/Pods-v2exer-Swift.release.xcconfig"; sourceTree = "<group>"; };
		F954DB381073ED7F568698B1 /* Pods-v2exer-SwiftTests.debug.xcconfig */ = {isa = PBXFileReference; includeInIndex = 1; lastKnownFileType = text.xcconfig; name = "Pods-v2exer-SwiftTests.debug.xcconfig"; path = "Pods/Target Support Files/Pods-v2exer-SwiftTests/Pods-v2exer-SwiftTests.debug.xcconfig"; sourceTree = "<group>"; };
/* End PBXFileReference section */

/* Begin PBXFrameworksBuildPhase section */
		DAB7B6F621CBB2AD00ACCDE3 /* Frameworks */ = {
			isa = PBXFrameworksBuildPhase;
			buildActionMask = 2147483647;
			files = (
				800FAA6BD92398DC9C08C6AB /* Pods_v2exer_Swift.framework in Frameworks */,
			);
			runOnlyForDeploymentPostprocessing = 0;
		};
		DAB7B70A21CBB2AE00ACCDE3 /* Frameworks */ = {
			isa = PBXFrameworksBuildPhase;
			buildActionMask = 2147483647;
			files = (
				05D4D3E8E6BA1AFB6496A5B5 /* Pods_v2exer_SwiftTests.framework in Frameworks */,
			);
			runOnlyForDeploymentPostprocessing = 0;
		};
		DAB7B71521CBB2AE00ACCDE3 /* Frameworks */ = {
			isa = PBXFrameworksBuildPhase;
			buildActionMask = 2147483647;
			files = (
				7F3241FD16ACAA349874942C /* Pods_v2exer_SwiftUITests.framework in Frameworks */,
			);
			runOnlyForDeploymentPostprocessing = 0;
		};
		DAB8ECC9222779E900AEA79B /* Frameworks */ = {
			isa = PBXFrameworksBuildPhase;
			buildActionMask = 2147483647;
			files = (
				DAB8ECCE222779E900AEA79B /* NotificationCenter.framework in Frameworks */,
				FDC192D4EACB251675A9F816 /* Pods_v2exWidget.framework in Frameworks */,
			);
			runOnlyForDeploymentPostprocessing = 0;
		};
/* End PBXFrameworksBuildPhase section */

/* Begin PBXGroup section */
		763E05F4B26DAE80361231B3 /* Pods */ = {
			isa = PBXGroup;
			children = (
				76A0F2B1BC352EDFB826FBB0 /* Pods-v2exer-Swift.debug.xcconfig */,
				EA485C87CC8AE9CDF20A9B2C /* Pods-v2exer-Swift.release.xcconfig */,
				F954DB381073ED7F568698B1 /* Pods-v2exer-SwiftTests.debug.xcconfig */,
				49D4AF88A3C5015F87D56966 /* Pods-v2exer-SwiftTests.release.xcconfig */,
				1C8486D79BE234471BC55BC4 /* Pods-v2exer-SwiftUITests.debug.xcconfig */,
				8801C0B88BB16B3EBABA3BD3 /* Pods-v2exer-SwiftUITests.release.xcconfig */,
				BFD1628A139EA22934CC41C5 /* Pods-v2exWidget.debug.xcconfig */,
				41CF3CBC3FACC24363A2F3D8 /* Pods-v2exWidget.release.xcconfig */,
			);
			name = Pods;
			sourceTree = "<group>";
		};
		7AFC79BF26830AB341B8668B /* Frameworks */ = {
			isa = PBXGroup;
			children = (
				75901DBFB7FEE4EB21EE9371 /* Pods_v2exer_Swift.framework */,
				1C040BE01D98CB9D25CB7102 /* Pods_v2exer_SwiftTests.framework */,
				8509A4D4C80905A6BDF255F4 /* Pods_v2exer_SwiftUITests.framework */,
				DAB8ECCD222779E900AEA79B /* NotificationCenter.framework */,
				3081B26D73BB4277234AC3E7 /* Pods_v2exWidget.framework */,
			);
			name = Frameworks;
			sourceTree = "<group>";
		};
		DA017DB9221EAD04000CFF56 /* Edit */ = {
			isa = PBXGroup;
			children = (
				DA0A7CC82226828100F2A10A /* pickView */,
				DA017DBA221EAD58000CFF56 /* ZPHEditViewController.swift */,
				DA2A229622223C5000EFD838 /* ZPHEditCollectionViewCell.swift */,
			);
			path = Edit;
			sourceTree = "<group>";
		};
		DA0A7CC42225489D00F2A10A /* Library */ = {
			isa = PBXGroup;
			children = (
				DA0A7CC5222548C600F2A10A /* NetworkTool */,
			);
			path = Library;
			sourceTree = "<group>";
		};
		DA0A7CC5222548C600F2A10A /* NetworkTool */ = {
			isa = PBXGroup;
			children = (
				DA0A7CC6222548EC00F2A10A /* ZPHNetworkTool.swift */,
			);
			path = NetworkTool;
			sourceTree = "<group>";
		};
		DA0A7CC82226828100F2A10A /* pickView */ = {
			isa = PBXGroup;
			children = (
				DA0A7CCB222685FC00F2A10A /* ZPHEditPickerView.swift */,
			);
			path = pickView;
			sourceTree = "<group>";
		};
		DA15A4D5225229BF00B363C0 /* SettingTime */ = {
			isa = PBXGroup;
			children = (
				DA15A4D6225229DE00B363C0 /* ZPHSettingTimeViewController.swift */,
			);
			path = SettingTime;
			sourceTree = "<group>";
		};
		DA2D7A632202DD75001C6AC8 /* Hot */ = {
			isa = PBXGroup;
			children = (
				DA2D7A662202E234001C6AC8 /* ZPHHotViewController.swift */,
			);
			path = Hot;
			sourceTree = "<group>";
		};
		DA354192225264C200F0BB1F /* TimeCollection */ = {
			isa = PBXGroup;
			children = (
				DA354193225264E600F0BB1F /* ZPHHomeTimeCollectionViewCell.swift */,
			);
			path = TimeCollection;
			sourceTree = "<group>";
		};
		DA5BE9FC2201D47E0094E463 /* nodeDetail */ = {
			isa = PBXGroup;
			children = (
				DA5BE9FD2201D4A90094E463 /* ZPHNodeDetailViewController.swift */,
			);
			path = nodeDetail;
			sourceTree = "<group>";
		};
		DA7030E322139A800020C62B /* Enshrine */ = {
			isa = PBXGroup;
			children = (
				DA7030E422139AE00020C62B /* ZPHEnshrineViewController.swift */,
			);
			path = Enshrine;
			sourceTree = "<group>";
		};
		DAA0624C2230FBFD00E9B516 /* UserDetail */ = {
			isa = PBXGroup;
			children = (
				DAA0624F2230FC5500E9B516 /* ZPHUserDetailViewController.swift */,
				DA75DC262246729C00A1FCF4 /* ZPHUserDetailReplyController.swift */,
				DAA062532231110900E9B516 /* ZPHUserDetailCell.swift */,
				DAA0625122310F3400E9B516 /* ZPHUserDetail.swift */,
				DA75DC282246749700A1FCF4 /* ZPHUserDetailPartController.swift */,
				DA75DC2A2246860D00A1FCF4 /* ZPHUserDetailPartCell.swift */,
				DAD3642B2247B5420090E750 /* ZPHUserDetailPart.swift */,
			);
			path = UserDetail;
			sourceTree = "<group>";
		};
		DAAFCA5821E70DD2006BF864 /* HomeDetail */ = {
			isa = PBXGroup;
			children = (
				DAAFCA5921E70E25006BF864 /* ZPHHomeDetailViewController.swift */,
				DA2D7A682203480B001C6AC8 /* ZPHContentDetailViewController.swift */,
				DA702F25220406600020C62B /* ZPHContentTitleTableViewCell.swift */,
				DA702F232204052A0020C62B /* ZPHContentTableViewCell.swift */,
				DA702F2722057DC80020C62B /* ZPHContentDetailModel.swift */,
			);
			path = HomeDetail;
			sourceTree = "<group>";
		};
		DAAFCA6321EB78F4006BF864 /* login */ = {
			isa = PBXGroup;
			children = (
				DAAFCF0B21F2FE19006BF864 /* ZPHLoginViewController.swift */,
			);
			path = login;
			sourceTree = "<group>";
		};
		DAB7B6F021CBB2AD00ACCDE3 = {
			isa = PBXGroup;
			children = (
				DAB7B6FB21CBB2AD00ACCDE3 /* v2exer-Swift */,
				DAB7B71021CBB2AE00ACCDE3 /* v2exer-SwiftTests */,
				DAB7B71B21CBB2AE00ACCDE3 /* v2exer-SwiftUITests */,
				DAB8ECCF222779E900AEA79B /* v2exWidget */,
				DAB7B6FA21CBB2AD00ACCDE3 /* Products */,
				763E05F4B26DAE80361231B3 /* Pods */,
				7AFC79BF26830AB341B8668B /* Frameworks */,
			);
			sourceTree = "<group>";
		};
		DAB7B6FA21CBB2AD00ACCDE3 /* Products */ = {
			isa = PBXGroup;
			children = (
				DAB7B6F921CBB2AD00ACCDE3 /* v2exer-Swift.app */,
				DAB7B70D21CBB2AE00ACCDE3 /* v2exer-SwiftTests.xctest */,
				DAB7B71821CBB2AE00ACCDE3 /* v2exer-SwiftUITests.xctest */,
				DAB8ECCC222779E900AEA79B /* v2exWidget.appex */,
			);
			name = Products;
			sourceTree = "<group>";
		};
		DAB7B6FB21CBB2AD00ACCDE3 /* v2exer-Swift */ = {
			isa = PBXGroup;
			children = (
				DAB8ECDE2227C85E00AEA79B /* v2exer-Swift.entitlements */,
				DA0A7CC42225489D00F2A10A /* Library */,
				DAB7B72A21CBD3BE00ACCDE3 /* Navigation */,
				DA2D7A632202DD75001C6AC8 /* Hot */,
				DAB7B77121CBE0F700ACCDE3 /* Home */,
				DAB7B77421CBE3B200ACCDE3 /* Node */,
				DA017DB9221EAD04000CFF56 /* Edit */,
				DA7030E322139A800020C62B /* Enshrine */,
				DAB7B77721CBE3F800ACCDE3 /* Setting */,
				DAB7B6FC21CBB2AD00ACCDE3 /* AppDelegate.swift */,
				DAB7B70321CBB2AE00ACCDE3 /* Assets.xcassets */,
				DAB7B70521CBB2AE00ACCDE3 /* LaunchScreen.storyboard */,
				DAB7B70821CBB2AE00ACCDE3 /* Info.plist */,
				DAB7B87521CE4F7900ACCDE3 /* shareFile.swift */,
				DAAFCA5B21EAE6E8006BF864 /* V2FPSLabel.swift */,
			);
			path = "v2exer-Swift";
			sourceTree = "<group>";
		};
		DAB7B71021CBB2AE00ACCDE3 /* v2exer-SwiftTests */ = {
			isa = PBXGroup;
			children = (
				DAB7B71121CBB2AE00ACCDE3 /* v2exer_SwiftTests.swift */,
				DAB7B71321CBB2AE00ACCDE3 /* Info.plist */,
			);
			path = "v2exer-SwiftTests";
			sourceTree = "<group>";
		};
		DAB7B71B21CBB2AE00ACCDE3 /* v2exer-SwiftUITests */ = {
			isa = PBXGroup;
			children = (
				DAB7B71C21CBB2AE00ACCDE3 /* v2exer_SwiftUITests.swift */,
				DAB7B71E21CBB2AE00ACCDE3 /* Info.plist */,
			);
			path = "v2exer-SwiftUITests";
			sourceTree = "<group>";
		};
		DAB7B72A21CBD3BE00ACCDE3 /* Navigation */ = {
			isa = PBXGroup;
			children = (
				DAB7B72D21CBD48200ACCDE3 /* ZPHTabBarController.swift */,
				DAB7B72F21CBD4B800ACCDE3 /* ZPHNavigationController.swift */,
				DAB7B87121CD441D00ACCDE3 /* ZPHTabBar.swift */,
			);
			path = Navigation;
			sourceTree = "<group>";
		};
		DAB7B77121CBE0F700ACCDE3 /* Home */ = {
			isa = PBXGroup;
			children = (
				DA354192225264C200F0BB1F /* TimeCollection */,
				DAF2012A2237A5C60003015D /* addReply */,
				DAA0624C2230FBFD00E9B516 /* UserDetail */,
				DAAFCA5821E70DD2006BF864 /* HomeDetail */,
				DAB7B77221CBE11400ACCDE3 /* ZPHHomeViewController.swift */,
				DAB7B77A21CBEAC200ACCDE3 /* ZPHHomeTableViewCell.swift */,
				DAB7B77C21CBEE2400ACCDE3 /* ZPHHome.swift */,
				DA3F28672250FD7500EA2762 /* ZPHHomeCollectionCell.swift */,
				DA40C3192254DF8F008CA0A1 /* ZPHHomeWeekView.swift */,
			);
			path = Home;
			sourceTree = "<group>";
		};
		DAB7B77421CBE3B200ACCDE3 /* Node */ = {
			isa = PBXGroup;
			children = (
				DA5BE9FC2201D47E0094E463 /* nodeDetail */,
				DAB7B77521CBE3C100ACCDE3 /* ZPHNodeViewController.swift */,
				DA5BE9F8220159C20094E463 /* ZPHNodeModel.swift */,
				DA5BE9FA22015B5B0094E463 /* ZPHNodeTableViewCell.swift */,
			);
			path = Node;
			sourceTree = "<group>";
		};
		DAB7B77721CBE3F800ACCDE3 /* Setting */ = {
			isa = PBXGroup;
			children = (
				DA15A4D5225229BF00B363C0 /* SettingTime */,
				DAB8ECDF2227CAEB00AEA79B /* upInstall */,
				DAAFCA6321EB78F4006BF864 /* login */,
				DAB7B77821CBE40C00ACCDE3 /* ZPHSettingViewController.swift */,
				DAAFCA6121EB348D006BF864 /* ZPHSettingTableViewCell.swift */,
				DAAFCA5D21EB2341006BF864 /* ZPHSetting.swift */,
			);
			path = Setting;
			sourceTree = "<group>";
		};
		DAB8ECCF222779E900AEA79B /* v2exWidget */ = {
			isa = PBXGroup;
			children = (
				DAB8ECDD2227C84B00AEA79B /* v2exWidget.entitlements */,
				DAB8ECD0222779E900AEA79B /* TodayViewController.swift */,
				DAB8ECD5222779E900AEA79B /* Info.plist */,
			);
			path = v2exWidget;
			sourceTree = "<group>";
		};
		DAB8ECDF2227CAEB00AEA79B /* upInstall */ = {
			isa = PBXGroup;
			children = (
				DAB8ECE02227CFF200AEA79B /* ZPHUpinstallViewController.swift */,
				DAB8ECE22227E27B00AEA79B /* ZPHUpinstallTableViewCell.swift */,
			);
			path = upInstall;
			sourceTree = "<group>";
		};
		DAF2012A2237A5C60003015D /* addReply */ = {
			isa = PBXGroup;
			children = (
				DAF2012B2237A6130003015D /* ZPHHomeAddReplyView.swift */,
			);
			path = addReply;
			sourceTree = "<group>";
		};
/* End PBXGroup section */

/* Begin PBXNativeTarget section */
		DAB7B6F821CBB2AD00ACCDE3 /* v2exer-Swift */ = {
			isa = PBXNativeTarget;
			buildConfigurationList = DAB7B72121CBB2AE00ACCDE3 /* Build configuration list for PBXNativeTarget "v2exer-Swift" */;
			buildPhases = (
				B5D82EB3EEDB7198C907F1B3 /* [CP] Check Pods Manifest.lock */,
				DAB7B6F521CBB2AD00ACCDE3 /* Sources */,
				DAB7B6F621CBB2AD00ACCDE3 /* Frameworks */,
				DAB7B6F721CBB2AD00ACCDE3 /* Resources */,
				9EB46A89FCE2420AD0A239E8 /* [CP] Embed Pods Frameworks */,
				DAB8ECDC222779E900AEA79B /* Embed App Extensions */,
			);
			buildRules = (
			);
			dependencies = (
				DAB8ECD7222779E900AEA79B /* PBXTargetDependency */,
			);
			name = "v2exer-Swift";
			productName = "v2exer-Swift";
			productReference = DAB7B6F921CBB2AD00ACCDE3 /* v2exer-Swift.app */;
			productType = "com.apple.product-type.application";
		};
		DAB7B70C21CBB2AE00ACCDE3 /* v2exer-SwiftTests */ = {
			isa = PBXNativeTarget;
			buildConfigurationList = DAB7B72421CBB2AE00ACCDE3 /* Build configuration list for PBXNativeTarget "v2exer-SwiftTests" */;
			buildPhases = (
				B61FEAEF6969921E51DD9198 /* [CP] Check Pods Manifest.lock */,
				DAB7B70921CBB2AE00ACCDE3 /* Sources */,
				DAB7B70A21CBB2AE00ACCDE3 /* Frameworks */,
				DAB7B70B21CBB2AE00ACCDE3 /* Resources */,
			);
			buildRules = (
			);
			dependencies = (
				DAB7B70F21CBB2AE00ACCDE3 /* PBXTargetDependency */,
			);
			name = "v2exer-SwiftTests";
			productName = "v2exer-SwiftTests";
			productReference = DAB7B70D21CBB2AE00ACCDE3 /* v2exer-SwiftTests.xctest */;
			productType = "com.apple.product-type.bundle.unit-test";
		};
		DAB7B71721CBB2AE00ACCDE3 /* v2exer-SwiftUITests */ = {
			isa = PBXNativeTarget;
			buildConfigurationList = DAB7B72721CBB2AE00ACCDE3 /* Build configuration list for PBXNativeTarget "v2exer-SwiftUITests" */;
			buildPhases = (
				368AAFA33FE692D93A95DD64 /* [CP] Check Pods Manifest.lock */,
				DAB7B71421CBB2AE00ACCDE3 /* Sources */,
				DAB7B71521CBB2AE00ACCDE3 /* Frameworks */,
				DAB7B71621CBB2AE00ACCDE3 /* Resources */,
			);
			buildRules = (
			);
			dependencies = (
				DAB7B71A21CBB2AE00ACCDE3 /* PBXTargetDependency */,
			);
			name = "v2exer-SwiftUITests";
			productName = "v2exer-SwiftUITests";
			productReference = DAB7B71821CBB2AE00ACCDE3 /* v2exer-SwiftUITests.xctest */;
			productType = "com.apple.product-type.bundle.ui-testing";
		};
		DAB8ECCB222779E900AEA79B /* v2exWidget */ = {
			isa = PBXNativeTarget;
			buildConfigurationList = DAB8ECDB222779E900AEA79B /* Build configuration list for PBXNativeTarget "v2exWidget" */;
			buildPhases = (
				131FCE70EF6EE46E295C0857 /* [CP] Check Pods Manifest.lock */,
				DAB8ECC8222779E900AEA79B /* Sources */,
				DAB8ECC9222779E900AEA79B /* Frameworks */,
				DAB8ECCA222779E900AEA79B /* Resources */,
			);
			buildRules = (
			);
			dependencies = (
			);
			name = v2exWidget;
			productName = v2exWidget;
			productReference = DAB8ECCC222779E900AEA79B /* v2exWidget.appex */;
			productType = "com.apple.product-type.app-extension";
		};
/* End PBXNativeTarget section */

/* Begin PBXProject section */
		DAB7B6F121CBB2AD00ACCDE3 /* Project object */ = {
			isa = PBXProject;
			attributes = {
				CLASSPREFIX = ZPH;
				LastSwiftUpdateCheck = 1010;
				LastUpgradeCheck = 1010;
				ORGANIZATIONNAME = zph;
				TargetAttributes = {
					DAB7B6F821CBB2AD00ACCDE3 = {
						CreatedOnToolsVersion = 10.1;
						SystemCapabilities = {
							com.apple.ApplicationGroups.iOS = {
								enabled = 1;
							};
						};
					};
					DAB7B70C21CBB2AE00ACCDE3 = {
						CreatedOnToolsVersion = 10.1;
						TestTargetID = DAB7B6F821CBB2AD00ACCDE3;
					};
					DAB7B71721CBB2AE00ACCDE3 = {
						CreatedOnToolsVersion = 10.1;
						TestTargetID = DAB7B6F821CBB2AD00ACCDE3;
					};
					DAB8ECCB222779E900AEA79B = {
						CreatedOnToolsVersion = 10.1;
						SystemCapabilities = {
							com.apple.ApplicationGroups.iOS = {
								enabled = 1;
							};
						};
					};
				};
			};
			buildConfigurationList = DAB7B6F421CBB2AD00ACCDE3 /* Build configuration list for PBXProject "v2exer-Swift" */;
			compatibilityVersion = "Xcode 9.3";
			developmentRegion = en;
			hasScannedForEncodings = 0;
			knownRegions = (
				en,
				Base,
			);
			mainGroup = DAB7B6F021CBB2AD00ACCDE3;
			productRefGroup = DAB7B6FA21CBB2AD00ACCDE3 /* Products */;
			projectDirPath = "";
			projectRoot = "";
			targets = (
				DAB7B6F821CBB2AD00ACCDE3 /* v2exer-Swift */,
				DAB7B70C21CBB2AE00ACCDE3 /* v2exer-SwiftTests */,
				DAB7B71721CBB2AE00ACCDE3 /* v2exer-SwiftUITests */,
				DAB8ECCB222779E900AEA79B /* v2exWidget */,
			);
		};
/* End PBXProject section */

/* Begin PBXResourcesBuildPhase section */
		DAB7B6F721CBB2AD00ACCDE3 /* Resources */ = {
			isa = PBXResourcesBuildPhase;
			buildActionMask = 2147483647;
			files = (
				DAB7B70721CBB2AE00ACCDE3 /* LaunchScreen.storyboard in Resources */,
				DAB7B70421CBB2AE00ACCDE3 /* Assets.xcassets in Resources */,
			);
			runOnlyForDeploymentPostprocessing = 0;
		};
		DAB7B70B21CBB2AE00ACCDE3 /* Resources */ = {
			isa = PBXResourcesBuildPhase;
			buildActionMask = 2147483647;
			files = (
			);
			runOnlyForDeploymentPostprocessing = 0;
		};
		DAB7B71621CBB2AE00ACCDE3 /* Resources */ = {
			isa = PBXResourcesBuildPhase;
			buildActionMask = 2147483647;
			files = (
			);
			runOnlyForDeploymentPostprocessing = 0;
		};
		DAB8ECCA222779E900AEA79B /* Resources */ = {
			isa = PBXResourcesBuildPhase;
			buildActionMask = 2147483647;
			files = (
			);
			runOnlyForDeploymentPostprocessing = 0;
		};
/* End PBXResourcesBuildPhase section */

/* Begin PBXShellScriptBuildPhase section */
		131FCE70EF6EE46E295C0857 /* [CP] Check Pods Manifest.lock */ = {
			isa = PBXShellScriptBuildPhase;
			buildActionMask = 2147483647;
			files = (
			);
			inputFileListPaths = (
			);
			inputPaths = (
				"${PODS_PODFILE_DIR_PATH}/Podfile.lock",
				"${PODS_ROOT}/Manifest.lock",
			);
			name = "[CP] Check Pods Manifest.lock";
			outputFileListPaths = (
			);
			outputPaths = (
				"$(DERIVED_FILE_DIR)/Pods-v2exWidget-checkManifestLockResult.txt",
			);
			runOnlyForDeploymentPostprocessing = 0;
			shellPath = /bin/sh;
			shellScript = "diff \"${PODS_PODFILE_DIR_PATH}/Podfile.lock\" \"${PODS_ROOT}/Manifest.lock\" > /dev/null\nif [ $? != 0 ] ; then\n    # print error to STDERR\n    echo \"error: The sandbox is not in sync with the Podfile.lock. Run 'pod install' or update your CocoaPods installation.\" >&2\n    exit 1\nfi\n# This output is used by Xcode 'outputs' to avoid re-running this script phase.\necho \"SUCCESS\" > \"${SCRIPT_OUTPUT_FILE_0}\"\n";
			showEnvVarsInLog = 0;
		};
		368AAFA33FE692D93A95DD64 /* [CP] Check Pods Manifest.lock */ = {
			isa = PBXShellScriptBuildPhase;
			buildActionMask = 2147483647;
			files = (
			);
			inputPaths = (
				"${PODS_PODFILE_DIR_PATH}/Podfile.lock",
				"${PODS_ROOT}/Manifest.lock",
			);
			name = "[CP] Check Pods Manifest.lock";
			outputPaths = (
				"$(DERIVED_FILE_DIR)/Pods-v2exer-SwiftUITests-checkManifestLockResult.txt",
			);
			runOnlyForDeploymentPostprocessing = 0;
			shellPath = /bin/sh;
			shellScript = "diff \"${PODS_PODFILE_DIR_PATH}/Podfile.lock\" \"${PODS_ROOT}/Manifest.lock\" > /dev/null\nif [ $? != 0 ] ; then\n    # print error to STDERR\n    echo \"error: The sandbox is not in sync with the Podfile.lock. Run 'pod install' or update your CocoaPods installation.\" >&2\n    exit 1\nfi\n# This output is used by Xcode 'outputs' to avoid re-running this script phase.\necho \"SUCCESS\" > \"${SCRIPT_OUTPUT_FILE_0}\"\n";
			showEnvVarsInLog = 0;
		};
		9EB46A89FCE2420AD0A239E8 /* [CP] Embed Pods Frameworks */ = {
			isa = PBXShellScriptBuildPhase;
			buildActionMask = 2147483647;
			files = (
			);
			inputPaths = (
				"${PODS_ROOT}/Target Support Files/Pods-v2exer-Swift/Pods-v2exer-Swift-frameworks.sh",
				"${BUILT_PRODUCTS_DIR}/Alamofire/Alamofire.framework",
				"${BUILT_PRODUCTS_DIR}/DGElasticPullToRefresh/DGElasticPullToRefresh.framework",
				"${BUILT_PRODUCTS_DIR}/FoldingCell/FoldingCell.framework",
				"${BUILT_PRODUCTS_DIR}/JXSegmentedView/JXSegmentedView.framework",
				"${BUILT_PRODUCTS_DIR}/Ji/Ji.framework",
				"${BUILT_PRODUCTS_DIR}/Kingfisher/Kingfisher.framework",
				"${BUILT_PRODUCTS_DIR}/MJRefresh/MJRefresh.framework",
				"${BUILT_PRODUCTS_DIR}/NVActivityIndicatorView/NVActivityIndicatorView.framework",
				"${BUILT_PRODUCTS_DIR}/SkeletonView/SkeletonView.framework",
				"${BUILT_PRODUCTS_DIR}/SnapKit/SnapKit.framework",
				"${BUILT_PRODUCTS_DIR}/SwiftyJSON/SwiftyJSON.framework",
			);
			name = "[CP] Embed Pods Frameworks";
			outputPaths = (
				"${TARGET_BUILD_DIR}/${FRAMEWORKS_FOLDER_PATH}/Alamofire.framework",
				"${TARGET_BUILD_DIR}/${FRAMEWORKS_FOLDER_PATH}/DGElasticPullToRefresh.framework",
				"${TARGET_BUILD_DIR}/${FRAMEWORKS_FOLDER_PATH}/FoldingCell.framework",
				"${TARGET_BUILD_DIR}/${FRAMEWORKS_FOLDER_PATH}/JXSegmentedView.framework",
				"${TARGET_BUILD_DIR}/${FRAMEWORKS_FOLDER_PATH}/Ji.framework",
				"${TARGET_BUILD_DIR}/${FRAMEWORKS_FOLDER_PATH}/Kingfisher.framework",
				"${TARGET_BUILD_DIR}/${FRAMEWORKS_FOLDER_PATH}/MJRefresh.framework",
				"${TARGET_BUILD_DIR}/${FRAMEWORKS_FOLDER_PATH}/NVActivityIndicatorView.framework",
				"${TARGET_BUILD_DIR}/${FRAMEWORKS_FOLDER_PATH}/SkeletonView.framework",
				"${TARGET_BUILD_DIR}/${FRAMEWORKS_FOLDER_PATH}/SnapKit.framework",
				"${TARGET_BUILD_DIR}/${FRAMEWORKS_FOLDER_PATH}/SwiftyJSON.framework",
			);
			runOnlyForDeploymentPostprocessing = 0;
			shellPath = /bin/sh;
			shellScript = "\"${PODS_ROOT}/Target Support Files/Pods-v2exer-Swift/Pods-v2exer-Swift-frameworks.sh\"\n";
			showEnvVarsInLog = 0;
		};
		B5D82EB3EEDB7198C907F1B3 /* [CP] Check Pods Manifest.lock */ = {
			isa = PBXShellScriptBuildPhase;
			buildActionMask = 2147483647;
			files = (
			);
			inputPaths = (
				"${PODS_PODFILE_DIR_PATH}/Podfile.lock",
				"${PODS_ROOT}/Manifest.lock",
			);
			name = "[CP] Check Pods Manifest.lock";
			outputPaths = (
				"$(DERIVED_FILE_DIR)/Pods-v2exer-Swift-checkManifestLockResult.txt",
			);
			runOnlyForDeploymentPostprocessing = 0;
			shellPath = /bin/sh;
			shellScript = "diff \"${PODS_PODFILE_DIR_PATH}/Podfile.lock\" \"${PODS_ROOT}/Manifest.lock\" > /dev/null\nif [ $? != 0 ] ; then\n    # print error to STDERR\n    echo \"error: The sandbox is not in sync with the Podfile.lock. Run 'pod install' or update your CocoaPods installation.\" >&2\n    exit 1\nfi\n# This output is used by Xcode 'outputs' to avoid re-running this script phase.\necho \"SUCCESS\" > \"${SCRIPT_OUTPUT_FILE_0}\"\n";
			showEnvVarsInLog = 0;
		};
		B61FEAEF6969921E51DD9198 /* [CP] Check Pods Manifest.lock */ = {
			isa = PBXShellScriptBuildPhase;
			buildActionMask = 2147483647;
			files = (
			);
			inputPaths = (
				"${PODS_PODFILE_DIR_PATH}/Podfile.lock",
				"${PODS_ROOT}/Manifest.lock",
			);
			name = "[CP] Check Pods Manifest.lock";
			outputPaths = (
				"$(DERIVED_FILE_DIR)/Pods-v2exer-SwiftTests-checkManifestLockResult.txt",
			);
			runOnlyForDeploymentPostprocessing = 0;
			shellPath = /bin/sh;
			shellScript = "diff \"${PODS_PODFILE_DIR_PATH}/Podfile.lock\" \"${PODS_ROOT}/Manifest.lock\" > /dev/null\nif [ $? != 0 ] ; then\n    # print error to STDERR\n    echo \"error: The sandbox is not in sync with the Podfile.lock. Run 'pod install' or update your CocoaPods installation.\" >&2\n    exit 1\nfi\n# This output is used by Xcode 'outputs' to avoid re-running this script phase.\necho \"SUCCESS\" > \"${SCRIPT_OUTPUT_FILE_0}\"\n";
			showEnvVarsInLog = 0;
		};
/* End PBXShellScriptBuildPhase section */

/* Begin PBXSourcesBuildPhase section */
		DAB7B6F521CBB2AD00ACCDE3 /* Sources */ = {
			isa = PBXSourcesBuildPhase;
			buildActionMask = 2147483647;
			files = (
				DA75DC2B2246860D00A1FCF4 /* ZPHUserDetailPartCell.swift in Sources */,
				DAAFCA5A21E70E25006BF864 /* ZPHHomeDetailViewController.swift in Sources */,
				DAB8ECE32227E27B00AEA79B /* ZPHUpinstallTableViewCell.swift in Sources */,
				DA017DBB221EAD58000CFF56 /* ZPHEditViewController.swift in Sources */,
				DA40C31A2254DF8F008CA0A1 /* ZPHHomeWeekView.swift in Sources */,
				DA702F26220406600020C62B /* ZPHContentTitleTableViewCell.swift in Sources */,
				DAB7B77321CBE11400ACCDE3 /* ZPHHomeViewController.swift in Sources */,
				DAB8ECE12227CFF200AEA79B /* ZPHUpinstallViewController.swift in Sources */,
				DA2D7A692203480B001C6AC8 /* ZPHContentDetailViewController.swift in Sources */,
				DAB7B6FD21CBB2AD00ACCDE3 /* AppDelegate.swift in Sources */,
				DAAFCA6221EB348D006BF864 /* ZPHSettingTableViewCell.swift in Sources */,
				DAAFCA5E21EB2341006BF864 /* ZPHSetting.swift in Sources */,
				DA702F242204052A0020C62B /* ZPHContentTableViewCell.swift in Sources */,
				DAB7B77921CBE40C00ACCDE3 /* ZPHSettingViewController.swift in Sources */,
				DA2D7A672202E234001C6AC8 /* ZPHHotViewController.swift in Sources */,
				DA3F28682250FD7500EA2762 /* ZPHHomeCollectionCell.swift in Sources */,
				DA0A7CCC222685FC00F2A10A /* ZPHEditPickerView.swift in Sources */,
				DAD3642C2247B5420090E750 /* ZPHUserDetailPart.swift in Sources */,
				DA75DC272246729C00A1FCF4 /* ZPHUserDetailReplyController.swift in Sources */,
				DA702F2822057DC80020C62B /* ZPHContentDetailModel.swift in Sources */,
				DA5BE9F9220159C20094E463 /* ZPHNodeModel.swift in Sources */,
				DA354194225264E600F0BB1F /* ZPHHomeTimeCollectionViewCell.swift in Sources */,
				DAAFCF0D21F2FE19006BF864 /* ZPHLoginViewController.swift in Sources */,
				DA5BE9FE2201D4A90094E463 /* ZPHNodeDetailViewController.swift in Sources */,
				DA15A4D7225229DE00B363C0 /* ZPHSettingTimeViewController.swift in Sources */,
				DAA0625222310F3400E9B516 /* ZPHUserDetail.swift in Sources */,
				DAB7B77D21CBEE2400ACCDE3 /* ZPHHome.swift in Sources */,
				DA5BE9FB22015B5B0094E463 /* ZPHNodeTableViewCell.swift in Sources */,
				DAB7B87221CD441D00ACCDE3 /* ZPHTabBar.swift in Sources */,
				DAB7B73021CBD4B800ACCDE3 /* ZPHNavigationController.swift in Sources */,
				DA2A229722223C5000EFD838 /* ZPHEditCollectionViewCell.swift in Sources */,
				DAB7B77B21CBEAC200ACCDE3 /* ZPHHomeTableViewCell.swift in Sources */,
				DAAFCA5C21EAE6E8006BF864 /* V2FPSLabel.swift in Sources */,
				DAA062542231110900E9B516 /* ZPHUserDetailCell.swift in Sources */,
				DAB7B87621CE4F7900ACCDE3 /* shareFile.swift in Sources */,
				DAB7B72E21CBD48200ACCDE3 /* ZPHTabBarController.swift in Sources */,
				DAB7B77621CBE3C100ACCDE3 /* ZPHNodeViewController.swift in Sources */,
				DA0A7CC7222548EC00F2A10A /* ZPHNetworkTool.swift in Sources */,
				DAF2012C2237A6130003015D /* ZPHHomeAddReplyView.swift in Sources */,
				DA75DC292246749700A1FCF4 /* ZPHUserDetailPartController.swift in Sources */,
				DA7030E522139AE00020C62B /* ZPHEnshrineViewController.swift in Sources */,
				DAA062502230FC5500E9B516 /* ZPHUserDetailViewController.swift in Sources */,
			);
			runOnlyForDeploymentPostprocessing = 0;
		};
		DAB7B70921CBB2AE00ACCDE3 /* Sources */ = {
			isa = PBXSourcesBuildPhase;
			buildActionMask = 2147483647;
			files = (
				DAB7B71221CBB2AE00ACCDE3 /* v2exer_SwiftTests.swift in Sources */,
			);
			runOnlyForDeploymentPostprocessing = 0;
		};
		DAB7B71421CBB2AE00ACCDE3 /* Sources */ = {
			isa = PBXSourcesBuildPhase;
			buildActionMask = 2147483647;
			files = (
				DAB7B71D21CBB2AE00ACCDE3 /* v2exer_SwiftUITests.swift in Sources */,
			);
			runOnlyForDeploymentPostprocessing = 0;
		};
		DAB8ECC8222779E900AEA79B /* Sources */ = {
			isa = PBXSourcesBuildPhase;
			buildActionMask = 2147483647;
			files = (
				DAB8ECD1222779E900AEA79B /* TodayViewController.swift in Sources */,
			);
			runOnlyForDeploymentPostprocessing = 0;
		};
/* End PBXSourcesBuildPhase section */

/* Begin PBXTargetDependency section */
		DAB7B70F21CBB2AE00ACCDE3 /* PBXTargetDependency */ = {
			isa = PBXTargetDependency;
			target = DAB7B6F821CBB2AD00ACCDE3 /* v2exer-Swift */;
			targetProxy = DAB7B70E21CBB2AE00ACCDE3 /* PBXContainerItemProxy */;
		};
		DAB7B71A21CBB2AE00ACCDE3 /* PBXTargetDependency */ = {
			isa = PBXTargetDependency;
			target = DAB7B6F821CBB2AD00ACCDE3 /* v2exer-Swift */;
			targetProxy = DAB7B71921CBB2AE00ACCDE3 /* PBXContainerItemProxy */;
		};
		DAB8ECD7222779E900AEA79B /* PBXTargetDependency */ = {
			isa = PBXTargetDependency;
			target = DAB8ECCB222779E900AEA79B /* v2exWidget */;
			targetProxy = DAB8ECD6222779E900AEA79B /* PBXContainerItemProxy */;
		};
/* End PBXTargetDependency section */

/* Begin PBXVariantGroup section */
		DAB7B70521CBB2AE00ACCDE3 /* LaunchScreen.storyboard */ = {
			isa = PBXVariantGroup;
			children = (
				DAB7B70621CBB2AE00ACCDE3 /* Base */,
			);
			name = LaunchScreen.storyboard;
			sourceTree = "<group>";
		};
/* End PBXVariantGroup section */

/* Begin XCBuildConfiguration section */
		DAB7B71F21CBB2AE00ACCDE3 /* Debug */ = {
			isa = XCBuildConfiguration;
			buildSettings = {
				ALWAYS_SEARCH_USER_PATHS = NO;
				CLANG_ANALYZER_NONNULL = YES;
				CLANG_ANALYZER_NUMBER_OBJECT_CONVERSION = YES_AGGRESSIVE;
				CLANG_CXX_LANGUAGE_STANDARD = "gnu++14";
				CLANG_CXX_LIBRARY = "libc++";
				CLANG_ENABLE_MODULES = YES;
				CLANG_ENABLE_OBJC_ARC = YES;
				CLANG_ENABLE_OBJC_WEAK = YES;
				CLANG_WARN_BLOCK_CAPTURE_AUTORELEASING = YES;
				CLANG_WARN_BOOL_CONVERSION = YES;
				CLANG_WARN_COMMA = YES;
				CLANG_WARN_CONSTANT_CONVERSION = YES;
				CLANG_WARN_DEPRECATED_OBJC_IMPLEMENTATIONS = YES;
				CLANG_WARN_DIRECT_OBJC_ISA_USAGE = YES_ERROR;
				CLANG_WARN_DOCUMENTATION_COMMENTS = YES;
				CLANG_WARN_EMPTY_BODY = YES;
				CLANG_WARN_ENUM_CONVERSION = YES;
				CLANG_WARN_INFINITE_RECURSION = YES;
				CLANG_WARN_INT_CONVERSION = YES;
				CLANG_WARN_NON_LITERAL_NULL_CONVERSION = YES;
				CLANG_WARN_OBJC_IMPLICIT_RETAIN_SELF = YES;
				CLANG_WARN_OBJC_LITERAL_CONVERSION = YES;
				CLANG_WARN_OBJC_ROOT_CLASS = YES_ERROR;
				CLANG_WARN_RANGE_LOOP_ANALYSIS = YES;
				CLANG_WARN_STRICT_PROTOTYPES = YES;
				CLANG_WARN_SUSPICIOUS_MOVE = YES;
				CLANG_WARN_UNGUARDED_AVAILABILITY = YES_AGGRESSIVE;
				CLANG_WARN_UNREACHABLE_CODE = YES;
				CLANG_WARN__DUPLICATE_METHOD_MATCH = YES;
				CODE_SIGN_IDENTITY = "iPhone Developer";
				COPY_PHASE_STRIP = NO;
				DEBUG_INFORMATION_FORMAT = dwarf;
				ENABLE_STRICT_OBJC_MSGSEND = YES;
				ENABLE_TESTABILITY = YES;
				GCC_C_LANGUAGE_STANDARD = gnu11;
				GCC_DYNAMIC_NO_PIC = NO;
				GCC_NO_COMMON_BLOCKS = YES;
				GCC_OPTIMIZATION_LEVEL = 0;
				GCC_PREPROCESSOR_DEFINITIONS = (
					"DEBUG=1",
					"$(inherited)",
				);
				GCC_WARN_64_TO_32_BIT_CONVERSION = YES;
				GCC_WARN_ABOUT_RETURN_TYPE = YES_ERROR;
				GCC_WARN_UNDECLARED_SELECTOR = YES;
				GCC_WARN_UNINITIALIZED_AUTOS = YES_AGGRESSIVE;
				GCC_WARN_UNUSED_FUNCTION = YES;
				GCC_WARN_UNUSED_VARIABLE = YES;
				IPHONEOS_DEPLOYMENT_TARGET = 11.0;
				MTL_ENABLE_DEBUG_INFO = INCLUDE_SOURCE;
				MTL_FAST_MATH = YES;
				ONLY_ACTIVE_ARCH = YES;
				SDKROOT = iphoneos;
				SWIFT_ACTIVE_COMPILATION_CONDITIONS = DEBUG;
				SWIFT_OPTIMIZATION_LEVEL = "-Onone";
			};
			name = Debug;
		};
		DAB7B72021CBB2AE00ACCDE3 /* Release */ = {
			isa = XCBuildConfiguration;
			buildSettings = {
				ALWAYS_SEARCH_USER_PATHS = NO;
				CLANG_ANALYZER_NONNULL = YES;
				CLANG_ANALYZER_NUMBER_OBJECT_CONVERSION = YES_AGGRESSIVE;
				CLANG_CXX_LANGUAGE_STANDARD = "gnu++14";
				CLANG_CXX_LIBRARY = "libc++";
				CLANG_ENABLE_MODULES = YES;
				CLANG_ENABLE_OBJC_ARC = YES;
				CLANG_ENABLE_OBJC_WEAK = YES;
				CLANG_WARN_BLOCK_CAPTURE_AUTORELEASING = YES;
				CLANG_WARN_BOOL_CONVERSION = YES;
				CLANG_WARN_COMMA = YES;
				CLANG_WARN_CONSTANT_CONVERSION = YES;
				CLANG_WARN_DEPRECATED_OBJC_IMPLEMENTATIONS = YES;
				CLANG_WARN_DIRECT_OBJC_ISA_USAGE = YES_ERROR;
				CLANG_WARN_DOCUMENTATION_COMMENTS = YES;
				CLANG_WARN_EMPTY_BODY = YES;
				CLANG_WARN_ENUM_CONVERSION = YES;
				CLANG_WARN_INFINITE_RECURSION = YES;
				CLANG_WARN_INT_CONVERSION = YES;
				CLANG_WARN_NON_LITERAL_NULL_CONVERSION = YES;
				CLANG_WARN_OBJC_IMPLICIT_RETAIN_SELF = YES;
				CLANG_WARN_OBJC_LITERAL_CONVERSION = YES;
				CLANG_WARN_OBJC_ROOT_CLASS = YES_ERROR;
				CLANG_WARN_RANGE_LOOP_ANALYSIS = YES;
				CLANG_WARN_STRICT_PROTOTYPES = YES;
				CLANG_WARN_SUSPICIOUS_MOVE = YES;
				CLANG_WARN_UNGUARDED_AVAILABILITY = YES_AGGRESSIVE;
				CLANG_WARN_UNREACHABLE_CODE = YES;
				CLANG_WARN__DUPLICATE_METHOD_MATCH = YES;
				CODE_SIGN_IDENTITY = "iPhone Developer";
				COPY_PHASE_STRIP = NO;
				DEBUG_INFORMATION_FORMAT = "dwarf-with-dsym";
				ENABLE_NS_ASSERTIONS = NO;
				ENABLE_STRICT_OBJC_MSGSEND = YES;
				GCC_C_LANGUAGE_STANDARD = gnu11;
				GCC_NO_COMMON_BLOCKS = YES;
				GCC_WARN_64_TO_32_BIT_CONVERSION = YES;
				GCC_WARN_ABOUT_RETURN_TYPE = YES_ERROR;
				GCC_WARN_UNDECLARED_SELECTOR = YES;
				GCC_WARN_UNINITIALIZED_AUTOS = YES_AGGRESSIVE;
				GCC_WARN_UNUSED_FUNCTION = YES;
				GCC_WARN_UNUSED_VARIABLE = YES;
				IPHONEOS_DEPLOYMENT_TARGET = 11.0;
				MTL_ENABLE_DEBUG_INFO = NO;
				MTL_FAST_MATH = YES;
				SDKROOT = iphoneos;
				SWIFT_COMPILATION_MODE = wholemodule;
				SWIFT_OPTIMIZATION_LEVEL = "-O";
				VALIDATE_PRODUCT = YES;
			};
			name = Release;
		};
		DAB7B72221CBB2AE00ACCDE3 /* Debug */ = {
			isa = XCBuildConfiguration;
			baseConfigurationReference = 76A0F2B1BC352EDFB826FBB0 /* Pods-v2exer-Swift.debug.xcconfig */;
			buildSettings = {
				ALWAYS_EMBED_SWIFT_STANDARD_LIBRARIES = YES;
				ASSETCATALOG_COMPILER_APPICON_NAME = AppIcon;
				ASSETCATALOG_COMPILER_LAUNCHIMAGE_NAME = LaunchImage;
				CODE_SIGN_ENTITLEMENTS = "v2exer-Swift/v2exer-Swift.entitlements";
				CODE_SIGN_STYLE = Automatic;
				DEVELOPMENT_TEAM = 5UK7P892DU;
				INFOPLIST_FILE = "v2exer-Swift/Info.plist";
				LD_RUNPATH_SEARCH_PATHS = (
					"$(inherited)",
					"@executable_path/Frameworks",
				);
				PRODUCT_BUNDLE_IDENTIFIER = zph.v2exer;
				PRODUCT_NAME = "$(TARGET_NAME)";
				SWIFT_VERSION = 4.2;
				TARGETED_DEVICE_FAMILY = 1;
			};
			name = Debug;
		};
		DAB7B72321CBB2AE00ACCDE3 /* Release */ = {
			isa = XCBuildConfiguration;
			baseConfigurationReference = EA485C87CC8AE9CDF20A9B2C /* Pods-v2exer-Swift.release.xcconfig */;
			buildSettings = {
				ALWAYS_EMBED_SWIFT_STANDARD_LIBRARIES = YES;
				ASSETCATALOG_COMPILER_APPICON_NAME = AppIcon;
				ASSETCATALOG_COMPILER_LAUNCHIMAGE_NAME = LaunchImage;
				CODE_SIGN_ENTITLEMENTS = "v2exer-Swift/v2exer-Swift.entitlements";
				CODE_SIGN_STYLE = Automatic;
				DEVELOPMENT_TEAM = 5UK7P892DU;
				INFOPLIST_FILE = "v2exer-Swift/Info.plist";
				LD_RUNPATH_SEARCH_PATHS = (
					"$(inherited)",
					"@executable_path/Frameworks",
				);
				PRODUCT_BUNDLE_IDENTIFIER = zph.v2exer;
				PRODUCT_NAME = "$(TARGET_NAME)";
				SWIFT_VERSION = 4.2;
				TARGETED_DEVICE_FAMILY = 1;
			};
			name = Release;
		};
		DAB7B72521CBB2AE00ACCDE3 /* Debug */ = {
			isa = XCBuildConfiguration;
			baseConfigurationReference = F954DB381073ED7F568698B1 /* Pods-v2exer-SwiftTests.debug.xcconfig */;
			buildSettings = {
				ALWAYS_EMBED_SWIFT_STANDARD_LIBRARIES = YES;
				BUNDLE_LOADER = "$(TEST_HOST)";
				CODE_SIGN_STYLE = Automatic;
				DEVELOPMENT_TEAM = 3LQZWC5F6U;
				INFOPLIST_FILE = "v2exer-SwiftTests/Info.plist";
				LD_RUNPATH_SEARCH_PATHS = (
					"$(inherited)",
					"@executable_path/Frameworks",
					"@loader_path/Frameworks",
				);
				PRODUCT_BUNDLE_IDENTIFIER = "zph.v2exer-SwiftTests";
				PRODUCT_NAME = "$(TARGET_NAME)";
				SWIFT_VERSION = 4.2;
				TARGETED_DEVICE_FAMILY = "1,2";
				TEST_HOST = "$(BUILT_PRODUCTS_DIR)/v2exer-Swift.app/v2exer-Swift";
			};
			name = Debug;
		};
		DAB7B72621CBB2AE00ACCDE3 /* Release */ = {
			isa = XCBuildConfiguration;
			baseConfigurationReference = 49D4AF88A3C5015F87D56966 /* Pods-v2exer-SwiftTests.release.xcconfig */;
			buildSettings = {
				ALWAYS_EMBED_SWIFT_STANDARD_LIBRARIES = YES;
				BUNDLE_LOADER = "$(TEST_HOST)";
				CODE_SIGN_STYLE = Automatic;
				DEVELOPMENT_TEAM = 3LQZWC5F6U;
				INFOPLIST_FILE = "v2exer-SwiftTests/Info.plist";
				LD_RUNPATH_SEARCH_PATHS = (
					"$(inherited)",
					"@executable_path/Frameworks",
					"@loader_path/Frameworks",
				);
				PRODUCT_BUNDLE_IDENTIFIER = "zph.v2exer-SwiftTests";
				PRODUCT_NAME = "$(TARGET_NAME)";
				SWIFT_VERSION = 4.2;
				TARGETED_DEVICE_FAMILY = "1,2";
				TEST_HOST = "$(BUILT_PRODUCTS_DIR)/v2exer-Swift.app/v2exer-Swift";
			};
			name = Release;
		};
		DAB7B72821CBB2AE00ACCDE3 /* Debug */ = {
			isa = XCBuildConfiguration;
			baseConfigurationReference = 1C8486D79BE234471BC55BC4 /* Pods-v2exer-SwiftUITests.debug.xcconfig */;
			buildSettings = {
				ALWAYS_EMBED_SWIFT_STANDARD_LIBRARIES = YES;
				CODE_SIGN_STYLE = Automatic;
				DEVELOPMENT_TEAM = 3LQZWC5F6U;
				INFOPLIST_FILE = "v2exer-SwiftUITests/Info.plist";
				LD_RUNPATH_SEARCH_PATHS = (
					"$(inherited)",
					"@executable_path/Frameworks",
					"@loader_path/Frameworks",
				);
				PRODUCT_BUNDLE_IDENTIFIER = "zph.v2exer-SwiftUITests";
				PRODUCT_NAME = "$(TARGET_NAME)";
				SWIFT_VERSION = 4.2;
				TARGETED_DEVICE_FAMILY = "1,2";
				TEST_TARGET_NAME = "v2exer-Swift";
			};
			name = Debug;
		};
		DAB7B72921CBB2AE00ACCDE3 /* Release */ = {
			isa = XCBuildConfiguration;
			baseConfigurationReference = 8801C0B88BB16B3EBABA3BD3 /* Pods-v2exer-SwiftUITests.release.xcconfig */;
			buildSettings = {
				ALWAYS_EMBED_SWIFT_STANDARD_LIBRARIES = YES;
				CODE_SIGN_STYLE = Automatic;
				DEVELOPMENT_TEAM = 3LQZWC5F6U;
				INFOPLIST_FILE = "v2exer-SwiftUITests/Info.plist";
				LD_RUNPATH_SEARCH_PATHS = (
					"$(inherited)",
					"@executable_path/Frameworks",
					"@loader_path/Frameworks",
				);
				PRODUCT_BUNDLE_IDENTIFIER = "zph.v2exer-SwiftUITests";
				PRODUCT_NAME = "$(TARGET_NAME)";
				SWIFT_VERSION = 4.2;
				TARGETED_DEVICE_FAMILY = "1,2";
				TEST_TARGET_NAME = "v2exer-Swift";
			};
			name = Release;
		};
		DAB8ECD9222779E900AEA79B /* Debug */ = {
			isa = XCBuildConfiguration;
			baseConfigurationReference = BFD1628A139EA22934CC41C5 /* Pods-v2exWidget.debug.xcconfig */;
			buildSettings = {
				CODE_SIGN_ENTITLEMENTS = v2exWidget/v2exWidget.entitlements;
				CODE_SIGN_STYLE = Automatic;
				DEVELOPMENT_TEAM = 5UK7P892DU;
				INFOPLIST_FILE = v2exWidget/Info.plist;
				IPHONEOS_DEPLOYMENT_TARGET = 12.1;
				LD_RUNPATH_SEARCH_PATHS = (
					"$(inherited)",
					"@executable_path/Frameworks",
					"@executable_path/../../Frameworks",
				);
				PRODUCT_BUNDLE_IDENTIFIER = zph.v2exer.v2exWidget;
				PRODUCT_NAME = "$(TARGET_NAME)";
				SKIP_INSTALL = YES;
				SWIFT_VERSION = 4.2;
				TARGETED_DEVICE_FAMILY = "1,2";
			};
			name = Debug;
		};
		DAB8ECDA222779E900AEA79B /* Release */ = {
			isa = XCBuildConfiguration;
			baseConfigurationReference = 41CF3CBC3FACC24363A2F3D8 /* Pods-v2exWidget.release.xcconfig */;
			buildSettings = {
				CODE_SIGN_ENTITLEMENTS = v2exWidget/v2exWidget.entitlements;
				CODE_SIGN_STYLE = Automatic;
				DEVELOPMENT_TEAM = 5UK7P892DU;
				INFOPLIST_FILE = v2exWidget/Info.plist;
				IPHONEOS_DEPLOYMENT_TARGET = 12.1;
				LD_RUNPATH_SEARCH_PATHS = (
					"$(inherited)",
					"@executable_path/Frameworks",
					"@executable_path/../../Frameworks",
				);
				PRODUCT_BUNDLE_IDENTIFIER = zph.v2exer.v2exWidget;
				PRODUCT_NAME = "$(TARGET_NAME)";
				SKIP_INSTALL = YES;
				SWIFT_VERSION = 4.2;
				TARGETED_DEVICE_FAMILY = "1,2";
			};
			name = Release;
		};
/* End XCBuildConfiguration section */

/* Begin XCConfigurationList section */
		DAB7B6F421CBB2AD00ACCDE3 /* Build configuration list for PBXProject "v2exer-Swift" */ = {
			isa = XCConfigurationList;
			buildConfigurations = (
				DAB7B71F21CBB2AE00ACCDE3 /* Debug */,
				DAB7B72021CBB2AE00ACCDE3 /* Release */,
			);
			defaultConfigurationIsVisible = 0;
			defaultConfigurationName = Release;
		};
		DAB7B72121CBB2AE00ACCDE3 /* Build configuration list for PBXNativeTarget "v2exer-Swift" */ = {
			isa = XCConfigurationList;
			buildConfigurations = (
				DAB7B72221CBB2AE00ACCDE3 /* Debug */,
				DAB7B72321CBB2AE00ACCDE3 /* Release */,
			);
			defaultConfigurationIsVisible = 0;
			defaultConfigurationName = Release;
		};
		DAB7B72421CBB2AE00ACCDE3 /* Build configuration list for PBXNativeTarget "v2exer-SwiftTests" */ = {
			isa = XCConfigurationList;
			buildConfigurations = (
				DAB7B72521CBB2AE00ACCDE3 /* Debug */,
				DAB7B72621CBB2AE00ACCDE3 /* Release */,
			);
			defaultConfigurationIsVisible = 0;
			defaultConfigurationName = Release;
		};
		DAB7B72721CBB2AE00ACCDE3 /* Build configuration list for PBXNativeTarget "v2exer-SwiftUITests" */ = {
			isa = XCConfigurationList;
			buildConfigurations = (
				DAB7B72821CBB2AE00ACCDE3 /* Debug */,
				DAB7B72921CBB2AE00ACCDE3 /* Release */,
			);
			defaultConfigurationIsVisible = 0;
			defaultConfigurationName = Release;
		};
		DAB8ECDB222779E900AEA79B /* Build configuration list for PBXNativeTarget "v2exWidget" */ = {
			isa = XCConfigurationList;
			buildConfigurations = (
				DAB8ECD9222779E900AEA79B /* Debug */,
				DAB8ECDA222779E900AEA79B /* Release */,
			);
			defaultConfigurationIsVisible = 0;
			defaultConfigurationName = Release;
		};
/* End XCConfigurationList section */
	};
	rootObject = DAB7B6F121CBB2AD00ACCDE3 /* Project object */;
}
